
Microsoft Visual Studio Solution File, Format Version 12.00
# Visual Studio Version 17
VisualStudioVersion = 17.7.34024.191
MinimumVisualStudioVersion = 10.0.40219.1
Project("{FAE04EC0-301F-11D3-BF4B-00C04F79EFBC}") = "parsing", "parsing\parsing.csproj", "{B53575B5-1904-47C1-B843-23BC7459940E}"
EndProject
Global
	GlobalSection(SolutionConfigurationPlatforms) = preSolution
		Debug|Any CPU = Debug|Any CPU
		Release|Any CPU = Release|Any CPU
	EndGlobalSection
	GlobalSection(ProjectConfigurationPlatforms) = postSolution
		{B53575B5-1904-47C1-B843-23BC7459940E}.Debug|Any CPU.ActiveCfg = Debug|Any CPU
		{B53575B5-1904-47C1-B843-23BC7459940E}.Debug|Any CPU.Build.0 = Debug|Any CPU
		{B53575B5-1904-47C1-B843-23BC7459940E}.Release|Any CPU.ActiveCfg = Release|Any CPU
		{B53575B5-1904-47C1-B843-23BC7459940E}.Release|Any CPU.Build.0 = Release|Any CPU
	EndGlobalSection
	GlobalSection(SolutionProperties) = preSolution
		HideSolutionNode = FALSE
	EndGlobalSection
	GlobalSection(ExtensibilityGlobals) = postSolution
		SolutionGuid = {8370898C-1C72-415E-B1C6-2540F16D9FA9}
	EndGlobalSection
EndGlobal
